uuid: 23dfce50-384c-4404-bfcf-e982dae178e2
langcode: en
status: true
dependencies:
  config:
    - block_content.type.newsletter
    - field.storage.block_content.field_newsletter_block
    - paragraphs.paragraphs_type.newsletter
  module:
    - entity_reference_revisions
id: block_content.newsletter.field_newsletter_block
field_name: field_newsletter_block
entity_type: block_content
bundle: newsletter
label: 'newsletter block'
description: ''
required: false
translatable: false
default_value: {  }
default_value_callback: ''
settings:
  handler: 'default:paragraph'
  handler_settings:
    target_bundles:
      newsletter: newsletter
    negate: 0
    target_bundles_drag_drop:
      card:
        weight: 13
        enabled: false
      client_:
        weight: 14
        enabled: false
      client_logos:
        weight: 15
        enabled: false
      college_gallery:
        weight: 16
        enabled: false
      footer:
        weight: 17
        enabled: false
      footer_about_us:
        weight: 18
        enabled: false
      great_since_section:
        weight: 19
        enabled: false
      help_section:
        weight: 20
        enabled: false
      hero_section_:
        weight: 21
        enabled: false
      newsletter:
        weight: 22
        enabled: true
      slide:
        weight: 23
        enabled: false
      slider:
        weight: 24
        enabled: false
field_type: entity_reference_revisions
