uuid: 3cba99e5-1e7e-4d98-aa27-9e1656c1e156
langcode: en
status: true
dependencies:
  module:
    - block_content
    - entity_reference_revisions
    - paragraphs
id: block_content.field_newsletter_block
field_name: field_newsletter_block
entity_type: block_content
type: entity_reference_revisions
settings:
  target_type: paragraph
module: entity_reference_revisions
locked: false
cardinality: 1
translatable: true
indexes: {  }
persist_with_no_fields: false
custom_storage: false
