uuid: d140f622-2a90-4e31-9b05-d593af230a9d
langcode: en
status: true
dependencies:
  config:
    - block_content.type.slide_section
    - field.storage.block_content.field_slider_block
    - paragraphs.paragraphs_type.slider
  module:
    - entity_reference_revisions
id: block_content.slide_section.field_slider_block
field_name: field_slider_block
entity_type: block_content
bundle: slide_section
label: 'slider block'
description: ''
required: false
translatable: false
default_value: {  }
default_value_callback: ''
settings:
  handler: 'default:paragraph'
  handler_settings:
    target_bundles:
      slider: slider
    negate: 0
    target_bundles_drag_drop:
      card:
        weight: 9
        enabled: false
      client_:
        weight: 10
        enabled: false
      client_logos:
        weight: 11
        enabled: false
      great_since_section:
        weight: 12
        enabled: false
      help_section:
        weight: 13
        enabled: false
      hero_section_:
        weight: 14
        enabled: false
      slide:
        weight: 15
        enabled: false
      slider:
        weight: 16
        enabled: true
field_type: entity_reference_revisions
