uuid: eff6cba2-1259-4dbd-b6f9-071f783940b6
langcode: en
status: true
dependencies:
  module:
    - block_content
    - entity_reference_revisions
    - paragraphs
id: block_content.field_happy_client_saying_block
field_name: field_happy_client_saying_block
entity_type: block_content
type: entity_reference_revisions
settings:
  target_type: paragraph
module: entity_reference_revisions
locked: false
cardinality: 1
translatable: true
indexes: {  }
persist_with_no_fields: false
custom_storage: false
